
Microsoft Visual Studio Solution File, Format Version 12.00
# Visual Studio 2013
VisualStudioVersion = 12.0.31101.0
MinimumVisualStudioVersion = 10.0.40219.1
Project("{FAE04EC0-301F-11D3-BF4B-00C04F79EFBC}") = "Q1", "Q1\Q1.csproj", "{1A942968-2A24-4717-8139-507BDC40F865}"
EndProject
Project("{FAE04EC0-301F-11D3-BF4B-00C04F79EFBC}") = "Q2", "Q2\Q2.csproj", "{8DD11543-9743-4B80-B611-9977042124F3}"
EndProject
Project("{FAE04EC0-301F-11D3-BF4B-00C04F79EFBC}") = "Q3", "Q3\Q3.csproj", "{A2BBE7E1-92F0-4C33-A706-CF056F10B0E6}"
EndProject
Project("{FAE04EC0-301F-11D3-BF4B-00C04F79EFBC}") = "Q4", "Q4\Q4.csproj", "{D6120779-52B2-4C08-B744-380D67E26445}"
EndProject
Project("{FAE04EC0-301F-11D3-BF4B-00C04F79EFBC}") = "Q5", "Q5\Q5.csproj", "{48A7B4AA-D77D-41FA-B497-68636C76720A}"
EndProject
Global
	GlobalSection(SolutionConfigurationPlatforms) = preSolution
		Debug|Any CPU = Debug|Any CPU
		Release|Any CPU = Release|Any CPU
	EndGlobalSection
	GlobalSection(ProjectConfigurationPlatforms) = postSolution
		{1A942968-2A24-4717-8139-507BDC40F865}.Debug|Any CPU.ActiveCfg = Debug|Any CPU
		{1A942968-2A24-4717-8139-507BDC40F865}.Debug|Any CPU.Build.0 = Debug|Any CPU
		{1A942968-2A24-4717-8139-507BDC40F865}.Release|Any CPU.ActiveCfg = Release|Any CPU
		{1A942968-2A24-4717-8139-507BDC40F865}.Release|Any CPU.Build.0 = Release|Any CPU
		{8DD11543-9743-4B80-B611-9977042124F3}.Debug|Any CPU.ActiveCfg = Debug|Any CPU
		{8DD11543-9743-4B80-B611-9977042124F3}.Debug|Any CPU.Build.0 = Debug|Any CPU
		{8DD11543-9743-4B80-B611-9977042124F3}.Release|Any CPU.ActiveCfg = Release|Any CPU
		{8DD11543-9743-4B80-B611-9977042124F3}.Release|Any CPU.Build.0 = Release|Any CPU
		{A2BBE7E1-92F0-4C33-A706-CF056F10B0E6}.Debug|Any CPU.ActiveCfg = Debug|Any CPU
		{A2BBE7E1-92F0-4C33-A706-CF056F10B0E6}.Debug|Any CPU.Build.0 = Debug|Any CPU
		{A2BBE7E1-92F0-4C33-A706-CF056F10B0E6}.Release|Any CPU.ActiveCfg = Release|Any CPU
		{A2BBE7E1-92F0-4C33-A706-CF056F10B0E6}.Release|Any CPU.Build.0 = Release|Any CPU
		{D6120779-52B2-4C08-B744-380D67E26445}.Debug|Any CPU.ActiveCfg = Debug|Any CPU
		{D6120779-52B2-4C08-B744-380D67E26445}.Debug|Any CPU.Build.0 = Debug|Any CPU
		{D6120779-52B2-4C08-B744-380D67E26445}.Release|Any CPU.ActiveCfg = Release|Any CPU
		{D6120779-52B2-4C08-B744-380D67E26445}.Release|Any CPU.Build.0 = Release|Any CPU
		{48A7B4AA-D77D-41FA-B497-68636C76720A}.Debug|Any CPU.ActiveCfg = Debug|Any CPU
		{48A7B4AA-D77D-41FA-B497-68636C76720A}.Debug|Any CPU.Build.0 = Debug|Any CPU
		{48A7B4AA-D77D-41FA-B497-68636C76720A}.Release|Any CPU.ActiveCfg = Release|Any CPU
		{48A7B4AA-D77D-41FA-B497-68636C76720A}.Release|Any CPU.Build.0 = Release|Any CPU
	EndGlobalSection
	GlobalSection(SolutionProperties) = preSolution
		HideSolutionNode = FALSE
	EndGlobalSection
EndGlobal
